
Microsoft Visual Studio Solution File, Format Version 12.00
# Visual Studio 15
VisualStudioVersion = 15.0.27130.2010
MinimumVisualStudioVersion = 10.0.40219.1
Project("{FAE04EC0-301F-11D3-BF4B-00C04F79EFBC}") = "Led", "Led\Led.csproj", "{47CEA16A-084B-4BC8-BAA4-B5691225DEDD}"
EndProject
Global
	GlobalSection(SolutionConfigurationPlatforms) = preSolution
		Debug|Any CPU = Debug|Any CPU
		Release|Any CPU = Release|Any CPU
	EndGlobalSection
	GlobalSection(ProjectConfigurationPlatforms) = postSolution
		{47CEA16A-084B-4BC8-BAA4-B5691225DEDD}.Debug|Any CPU.ActiveCfg = Debug|Any CPU
		{47CEA16A-084B-4BC8-BAA4-B5691225DEDD}.Debug|Any CPU.Build.0 = Debug|Any CPU
		{47CEA16A-084B-4BC8-BAA4-B5691225DEDD}.Release|Any CPU.ActiveCfg = Release|Any CPU
		{47CEA16A-084B-4BC8-BAA4-B5691225DEDD}.Release|Any CPU.Build.0 = Release|Any CPU
	EndGlobalSection
	GlobalSection(SolutionProperties) = preSolution
		HideSolutionNode = FALSE
	EndGlobalSection
	GlobalSection(ExtensibilityGlobals) = postSolution
		SolutionGuid = {8B5FA728-2295-492E-9AF8-A4E606C49D51}
	EndGlobalSection
EndGlobal
